{
  "requires": true,
  "lockfileVersion": 1,
  "dependencies": {
    "spotify-web-api-js": {
      "version": "0.22.1",
      "resolved": "https://registry.npmjs.org/spotify-web-api-js/-/spotify-web-api-js-0.22.1.tgz",
      "integrity": "sha512-db1pKZjeXQZVmjtJfnF77jFfmuwV22Lo6mnXxjnLd1I2PgVts14y8vUqDlCyljZbchGZ34V9Fv1px0NHXW95eA=="
    }
  }
}
